{
    "name": "bottom-drawer",
    "version": "1.0.0",
    "lockfileVersion": 1,
    "requires": true,
    "dependencies": {
        "react-native-interactable": {
            "version": "2.0.1",
            "resolved": "https://registry.npmjs.org/react-native-interactable/-/react-native-interactable-2.0.1.tgz",
            "integrity": "sha512-b5Mej8JnW9+q/hf+6bxWsKIX4E1rjILBgPnyYFIaEhJZGrZeu5jxENvw3+Q7t43ARp1wJIZZGfilVoFmwtgOdw=="
        },
        "react-native-raw-bottom-sheet": {
            "version": "2.0.6",
            "resolved": "https://registry.npmjs.org/react-native-raw-bottom-sheet/-/react-native-raw-bottom-sheet-2.0.6.tgz",
            "integrity": "sha512-DLH97BjJEl4BfNgxPVhqwwNxv1i6Cna1Ns0DWtfqLlMEJeR9K7rrwnDndB2vN5Sk0FeV8Cjt/lk20oCSI+v21g=="
        }
    }
}
